{
  "requires": true,
  "lockfileVersion": 1,
  "dependencies": {
    "buefy": {
      "version": "0.7.5",
      "resolved": "https://registry.npmjs.org/buefy/-/buefy-0.7.5.tgz",
      "integrity": "sha512-p6yz4XKbfXZd4f9d5rLHXCZWl9Y+8bN7gTaFQ4VdLXh7bdo4WYkPYyFyUFE+fIXhx/VEzSh2TeCEYqn/e8xY8w==",
      "requires": {
        "bulma": "0.7.4"
      }
    },
    "bulma": {
      "version": "0.7.4",
      "resolved": "https://registry.npmjs.org/bulma/-/bulma-0.7.4.tgz",
      "integrity": "sha512-krG2rP6eAX1WE0sf6O0SC/FUVSOBX4m1PBC2+GKLpb2pX0qanaDqcv9U2nu75egFrsHkI0zdWYuk/oGwoszVWg=="
    }
  }
}
